
Microsoft Visual Studio Solution File, Format Version 12.00
# Visual Studio 14
VisualStudioVersion = 14.0.25420.1
MinimumVisualStudioVersion = 10.0.40219.1
Project("{FAE04EC0-301F-11D3-BF4B-00C04F79EFBC}") = "NussERP", "NussERP\NussERP.csproj", "{30941C0B-6702-47D4-8692-62F8BCC944BF}"
EndProject
Project("{FAE04EC0-301F-11D3-BF4B-00C04F79EFBC}") = "NussERP.Tests", "NussERP.Tests\NussERP.Tests.csproj", "{646395C9-CF6E-490A-AE64-927C09517A0A}"
EndProject
Global
	GlobalSection(SolutionConfigurationPlatforms) = preSolution
		Debug|Any CPU = Debug|Any CPU
		Release|Any CPU = Release|Any CPU
	EndGlobalSection
	GlobalSection(ProjectConfigurationPlatforms) = postSolution
		{30941C0B-6702-47D4-8692-62F8BCC944BF}.Debug|Any CPU.ActiveCfg = Debug|Any CPU
		{30941C0B-6702-47D4-8692-62F8BCC944BF}.Debug|Any CPU.Build.0 = Debug|Any CPU
		{30941C0B-6702-47D4-8692-62F8BCC944BF}.Release|Any CPU.ActiveCfg = Release|Any CPU
		{30941C0B-6702-47D4-8692-62F8BCC944BF}.Release|Any CPU.Build.0 = Release|Any CPU
		{646395C9-CF6E-490A-AE64-927C09517A0A}.Debug|Any CPU.ActiveCfg = Debug|Any CPU
		{646395C9-CF6E-490A-AE64-927C09517A0A}.Debug|Any CPU.Build.0 = Debug|Any CPU
		{646395C9-CF6E-490A-AE64-927C09517A0A}.Release|Any CPU.ActiveCfg = Release|Any CPU
		{646395C9-CF6E-490A-AE64-927C09517A0A}.Release|Any CPU.Build.0 = Release|Any CPU
	EndGlobalSection
	GlobalSection(SolutionProperties) = preSolution
		HideSolutionNode = FALSE
	EndGlobalSection
EndGlobal
