
Microsoft Visual Studio Solution File, Format Version 12.00
# Visual Studio 14
VisualStudioVersion = 14.0.25420.1
MinimumVisualStudioVersion = 10.0.40219.1
Project("{FAE04EC0-301F-11D3-BF4B-00C04F79EFBC}") = "ArquiaFin", "ArquiaFin\ArquiaFin.csproj", "{7CA11BD2-CAB6-4553-B2F8-61F6A0389AC5}"
EndProject
Project("{FAE04EC0-301F-11D3-BF4B-00C04F79EFBC}") = "ArquiaFin.Tests", "ArquiaFin.Tests\ArquiaFin.Tests.csproj", "{419C8665-3D18-4818-A9FC-F42E49F34B1F}"
EndProject
Global
	GlobalSection(SolutionConfigurationPlatforms) = preSolution
		Debug|Any CPU = Debug|Any CPU
		Release|Any CPU = Release|Any CPU
	EndGlobalSection
	GlobalSection(ProjectConfigurationPlatforms) = postSolution
		{7CA11BD2-CAB6-4553-B2F8-61F6A0389AC5}.Debug|Any CPU.ActiveCfg = Debug|Any CPU
		{7CA11BD2-CAB6-4553-B2F8-61F6A0389AC5}.Debug|Any CPU.Build.0 = Debug|Any CPU
		{7CA11BD2-CAB6-4553-B2F8-61F6A0389AC5}.Release|Any CPU.ActiveCfg = Release|Any CPU
		{7CA11BD2-CAB6-4553-B2F8-61F6A0389AC5}.Release|Any CPU.Build.0 = Release|Any CPU
		{419C8665-3D18-4818-A9FC-F42E49F34B1F}.Debug|Any CPU.ActiveCfg = Debug|Any CPU
		{419C8665-3D18-4818-A9FC-F42E49F34B1F}.Debug|Any CPU.Build.0 = Debug|Any CPU
		{419C8665-3D18-4818-A9FC-F42E49F34B1F}.Release|Any CPU.ActiveCfg = Release|Any CPU
		{419C8665-3D18-4818-A9FC-F42E49F34B1F}.Release|Any CPU.Build.0 = Release|Any CPU
	EndGlobalSection
	GlobalSection(SolutionProperties) = preSolution
		HideSolutionNode = FALSE
	EndGlobalSection
EndGlobal
