
Microsoft Visual Studio Solution File, Format Version 12.00
# Visual Studio 14
VisualStudioVersion = 14.0.25420.1
MinimumVisualStudioVersion = 10.0.40219.1
Project("{FAE04EC0-301F-11D3-BF4B-00C04F79EFBC}") = "ArquiaFin", "ArquiaFin\ArquiaFin.csproj", "{3A1B6FFC-A9D7-48F8-B398-65D4F251135C}"
EndProject
Project("{FAE04EC0-301F-11D3-BF4B-00C04F79EFBC}") = "ArquiaFin.Tests", "ArquiaFin.Tests\ArquiaFin.Tests.csproj", "{3010D926-90F1-46E8-844F-856ED3B5751E}"
EndProject
Global
	GlobalSection(SolutionConfigurationPlatforms) = preSolution
		Debug|Any CPU = Debug|Any CPU
		Release|Any CPU = Release|Any CPU
	EndGlobalSection
	GlobalSection(ProjectConfigurationPlatforms) = postSolution
		{3A1B6FFC-A9D7-48F8-B398-65D4F251135C}.Debug|Any CPU.ActiveCfg = Debug|Any CPU
		{3A1B6FFC-A9D7-48F8-B398-65D4F251135C}.Debug|Any CPU.Build.0 = Debug|Any CPU
		{3A1B6FFC-A9D7-48F8-B398-65D4F251135C}.Release|Any CPU.ActiveCfg = Release|Any CPU
		{3A1B6FFC-A9D7-48F8-B398-65D4F251135C}.Release|Any CPU.Build.0 = Release|Any CPU
		{3010D926-90F1-46E8-844F-856ED3B5751E}.Debug|Any CPU.ActiveCfg = Debug|Any CPU
		{3010D926-90F1-46E8-844F-856ED3B5751E}.Debug|Any CPU.Build.0 = Debug|Any CPU
		{3010D926-90F1-46E8-844F-856ED3B5751E}.Release|Any CPU.ActiveCfg = Release|Any CPU
		{3010D926-90F1-46E8-844F-856ED3B5751E}.Release|Any CPU.Build.0 = Release|Any CPU
	EndGlobalSection
	GlobalSection(SolutionProperties) = preSolution
		HideSolutionNode = FALSE
	EndGlobalSection
EndGlobal
